
Microsoft Visual Studio Solution File, Format Version 12.00
# Visual Studio Version 17
VisualStudioVersion = 17.11.35327.3
MinimumVisualStudioVersion = 10.0.40219.1
Project("{FAE04EC0-301F-11D3-BF4B-00C04F79EFBC}") = "TinyCmsTrainer", "TinyCmsTrainer\TinyCmsTrainer.csproj", "{1F72229D-AED8-472A-87B1-9668F0919699}"
EndProject
Global
	GlobalSection(SolutionConfigurationPlatforms) = preSolution
		Debug|Any CPU = Debug|Any CPU
		Release|Any CPU = Release|Any CPU
	EndGlobalSection
	GlobalSection(ProjectConfigurationPlatforms) = postSolution
		{1F72229D-AED8-472A-87B1-9668F0919699}.Debug|Any CPU.ActiveCfg = Debug|Any CPU
		{1F72229D-AED8-472A-87B1-9668F0919699}.Debug|Any CPU.Build.0 = Debug|Any CPU
		{1F72229D-AED8-472A-87B1-9668F0919699}.Release|Any CPU.ActiveCfg = Release|Any CPU
		{1F72229D-AED8-472A-87B1-9668F0919699}.Release|Any CPU.Build.0 = Release|Any CPU
	EndGlobalSection
	GlobalSection(SolutionProperties) = preSolution
		HideSolutionNode = FALSE
	EndGlobalSection
	GlobalSection(ExtensibilityGlobals) = postSolution
		SolutionGuid = {E3259B55-2493-4D3E-8FB9-DF67BA46F6E8}
	EndGlobalSection
EndGlobal
